# This file is automatically @generated by Poetry 2.2.0 and should not be changed by hand.

[[package]]
name = "arpeggio"
version = "2.0.3"
description = "Packrat parser interpreter"
optional = false
python-versions = "*"
groups = ["main"]
files = [
    {file = "Arpeggio-2.0.3-py2.py3-none-any.whl", hash = "sha256:9374d9c531b62018b787635f37fd81c9a6ee69ef2d28c5db3cd18791b1f7db2f"},
    {file = "Arpeggio-2.0.3.tar.gz", hash = "sha256:9e85ad35cfc6c938676817c7ae9a1000a7c72a34c71db0c687136c460d12b85e"},
]

[package.extras]
dev = ["mike", "mkdocs", "twine", "wheel"]
test = ["coverage", "coveralls", "flake8", "pytest"]

[[package]]
name = "attrs"
version = "25.3.0"
description = "Classes Without Boilerplate"
optional = false
python-versions = ">=3.8"
groups = ["main"]
files = [
    {file = "attrs-25.3.0-py3-none-any.whl", hash = "sha256:427318ce031701fea540783410126f03899a97ffc6f61596ad581ac2e40e3bc3"},
    {file = "attrs-25.3.0.tar.gz", hash = "sha256:75d7cefc7fb576747b2c81b4442d4d4a1ce0900973527c011d1030fd3bf4af1b"},
]

[package.extras]
benchmark = ["cloudpickle ; platform_python_implementation == \"CPython\"", "hypothesis", "mypy (>=1.11.1) ; platform_python_implementation == \"CPython\" and python_version >= \"3.10\"", "pympler", "pytest (>=4.3.0)", "pytest-codspeed", "pytest-mypy-plugins ; platform_python_implementation == \"CPython\" and python_version >= \"3.10\"", "pytest-xdist[psutil]"]
cov = ["cloudpickle ; platform_python_implementation == \"CPython\"", "coverage[toml] (>=5.3)", "hypothesis", "mypy (>=1.11.1) ; platform_python_implementation == \"CPython\" and python_version >= \"3.10\"", "pympler", "pytest (>=4.3.0)", "pytest-mypy-plugins ; platform_python_implementation == \"CPython\" and python_version >= \"3.10\"", "pytest-xdist[psutil]"]
dev = ["cloudpickle ; platform_python_implementation == \"CPython\"", "hypothesis", "mypy (>=1.11.1) ; platform_python_implementation == \"CPython\" and python_version >= \"3.10\"", "pre-commit-uv", "pympler", "pytest (>=4.3.0)", "pytest-mypy-plugins ; platform_python_implementation == \"CPython\" and python_version >= \"3.10\"", "pytest-xdist[psutil]"]
docs = ["cogapp", "furo", "myst-parser", "sphinx", "sphinx-notfound-page", "sphinxcontrib-towncrier", "towncrier"]
tests = ["cloudpickle ; platform_python_implementation == \"CPython\"", "hypothesis", "mypy (>=1.11.1) ; platform_python_implementation == \"CPython\" and python_version >= \"3.10\"", "pympler", "pytest (>=4.3.0)", "pytest-mypy-plugins ; platform_python_implementation == \"CPython\" and python_version >= \"3.10\"", "pytest-xdist[psutil]"]
tests-mypy = ["mypy (>=1.11.1) ; platform_python_implementation == \"CPython\" and python_version >= \"3.10\"", "pytest-mypy-plugins ; platform_python_implementation == \"CPython\" and python_version >= \"3.10\""]

[[package]]
name = "debugpy"
version = "1.8.17"
description = "An implementation of the Debug Adapter Protocol for Python"
optional = false
python-versions = ">=3.8"
groups = ["main"]
files = [
    {file = "debugpy-1.8.17-cp310-cp310-macosx_15_0_x86_64.whl", hash = "sha256:c41d2ce8bbaddcc0009cc73f65318eedfa3dbc88a8298081deb05389f1ab5542"},
    {file = "debugpy-1.8.17-cp310-cp310-manylinux_2_34_x86_64.whl", hash = "sha256:1440fd514e1b815edd5861ca394786f90eb24960eb26d6f7200994333b1d79e3"},
    {file = "debugpy-1.8.17-cp310-cp310-win32.whl", hash = "sha256:3a32c0af575749083d7492dc79f6ab69f21b2d2ad4cd977a958a07d5865316e4"},
    {file = "debugpy-1.8.17-cp310-cp310-win_amd64.whl", hash = "sha256:a3aad0537cf4d9c1996434be68c6c9a6d233ac6f76c2a482c7803295b4e4f99a"},
    {file = "debugpy-1.8.17-cp311-cp311-macosx_15_0_universal2.whl", hash = "sha256:d3fce3f0e3de262a3b67e69916d001f3e767661c6e1ee42553009d445d1cd840"},
    {file = "debugpy-1.8.17-cp311-cp311-manylinux_2_34_x86_64.whl", hash = "sha256:c6bdf134457ae0cac6fb68205776be635d31174eeac9541e1d0c062165c6461f"},
    {file = "debugpy-1.8.17-cp311-cp311-win32.whl", hash = "sha256:e79a195f9e059edfe5d8bf6f3749b2599452d3e9380484cd261f6b7cd2c7c4da"},
    {file = "debugpy-1.8.17-cp311-cp311-win_amd64.whl", hash = "sha256:b532282ad4eca958b1b2d7dbcb2b7218e02cb934165859b918e3b6ba7772d3f4"},
    {file = "debugpy-1.8.17-cp312-cp312-macosx_15_0_universal2.whl", hash = "sha256:f14467edef672195c6f6b8e27ce5005313cb5d03c9239059bc7182b60c176e2d"},
    {file = "debugpy-1.8.17-cp312-cp312-manylinux_2_34_x86_64.whl", hash = "sha256:24693179ef9dfa20dca8605905a42b392be56d410c333af82f1c5dff807a64cc"},
    {file = "debugpy-1.8.17-cp312-cp312-win32.whl", hash = "sha256:6a4e9dacf2cbb60d2514ff7b04b4534b0139facbf2abdffe0639ddb6088e59cf"},
    {file = "debugpy-1.8.17-cp312-cp312-win_amd64.whl", hash = "sha256:e8f8f61c518952fb15f74a302e068b48d9c4691768ade433e4adeea961993464"},
    {file = "debugpy-1.8.17-cp313-cp313-macosx_15_0_universal2.whl", hash = "sha256:857c1dd5d70042502aef1c6d1c2801211f3ea7e56f75e9c335f434afb403e464"},
    {file = "debugpy-1.8.17-cp313-cp313-manylinux_2_34_x86_64.whl", hash = "sha256:3bea3b0b12f3946e098cce9b43c3c46e317b567f79570c3f43f0b96d00788088"},
    {file = "debugpy-1.8.17-cp313-cp313-win32.whl", hash = "sha256:e34ee844c2f17b18556b5bbe59e1e2ff4e86a00282d2a46edab73fd7f18f4a83"},
    {file = "debugpy-1.8.17-cp313-cp313-win_amd64.whl", hash = "sha256:6c5cd6f009ad4fca8e33e5238210dc1e5f42db07d4b6ab21ac7ffa904a196420"},
    {file = "debugpy-1.8.17-cp314-cp314-macosx_15_0_universal2.whl", hash = "sha256:045290c010bcd2d82bc97aa2daf6837443cd52f6328592698809b4549babcee1"},
    {file = "debugpy-1.8.17-cp314-cp314-manylinux_2_34_x86_64.whl", hash = "sha256:b69b6bd9dba6a03632534cdf67c760625760a215ae289f7489a452af1031fe1f"},
    {file = "debugpy-1.8.17-cp314-cp314-win32.whl", hash = "sha256:5c59b74aa5630f3a5194467100c3b3d1c77898f9ab27e3f7dc5d40fc2f122670"},
    {file = "debugpy-1.8.17-cp314-cp314-win_amd64.whl", hash = "sha256:893cba7bb0f55161de4365584b025f7064e1f88913551bcd23be3260b231429c"},
    {file = "debugpy-1.8.17-cp38-cp38-macosx_15_0_x86_64.whl", hash = "sha256:8deb4e31cd575c9f9370042876e078ca118117c1b5e1f22c32befcfbb6955f0c"},
    {file = "debugpy-1.8.17-cp38-cp38-manylinux_2_34_x86_64.whl", hash = "sha256:b75868b675949a96ab51abc114c7163f40ff0d8f7d6d5fd63f8932fd38e9c6d7"},
    {file = "debugpy-1.8.17-cp38-cp38-win32.whl", hash = "sha256:17e456da14848d618662354e1dccfd5e5fb75deec3d1d48dc0aa0baacda55860"},
    {file = "debugpy-1.8.17-cp38-cp38-win_amd64.whl", hash = "sha256:e851beb536a427b5df8aa7d0c7835b29a13812f41e46292ff80b2ef77327355a"},
    {file = "debugpy-1.8.17-cp39-cp39-macosx_15_0_x86_64.whl", hash = "sha256:f2ac8055a0c4a09b30b931100996ba49ef334c6947e7ae365cdd870416d7513e"},
    {file = "debugpy-1.8.17-cp39-cp39-manylinux_2_34_x86_64.whl", hash = "sha256:eaa85bce251feca8e4c87ce3b954aba84b8c645b90f0e6a515c00394a9f5c0e7"},
    {file = "debugpy-1.8.17-cp39-cp39-win32.whl", hash = "sha256:b13eea5587e44f27f6c48588b5ad56dcb74a4f3a5f89250443c94587f3eb2ea1"},
    {file = "debugpy-1.8.17-cp39-cp39-win_amd64.whl", hash = "sha256:bb1bbf92317e1f35afcf3ef0450219efb3afe00be79d8664b250ac0933b9015f"},
    {file = "debugpy-1.8.17-py2.py3-none-any.whl", hash = "sha256:60c7dca6571efe660ccb7a9508d73ca14b8796c4ed484c2002abba714226cfef"},
    {file = "debugpy-1.8.17.tar.gz", hash = "sha256:fd723b47a8c08892b1a16b2c6239a8b96637c62a59b94bb5dab4bac592a58a8e"},
]

[[package]]
name = "dill"
version = "0.4.0"
description = "serialize all of Python"
optional = false
python-versions = ">=3.8"
groups = ["main"]
files = [
    {file = "dill-0.4.0-py3-none-any.whl", hash = "sha256:44f54bf6412c2c8464c14e8243eb163690a9800dbe2c367330883b19c7561049"},
    {file = "dill-0.4.0.tar.gz", hash = "sha256:0633f1d2df477324f53a895b02c901fb961bdbf65a17122586ea7019292cbcf0"},
]

[package.extras]
graph = ["objgraph (>=1.7.2)"]
profile = ["gprof2dot (>=2022.7.29)"]

[[package]]
name = "grpcio"
version = "1.76.0"
description = "HTTP/2-based RPC framework"
optional = false
python-versions = ">=3.9"
groups = ["main"]
files = [
    {file = "grpcio-1.76.0-cp310-cp310-linux_armv7l.whl", hash = "sha256:65a20de41e85648e00305c1bb09a3598f840422e522277641145a32d42dcefcc"},
    {file = "grpcio-1.76.0-cp310-cp310-macosx_11_0_universal2.whl", hash = "sha256:40ad3afe81676fd9ec6d9d406eda00933f218038433980aa19d401490e46ecde"},
    {file = "grpcio-1.76.0-cp310-cp310-manylinux2014_aarch64.manylinux_2_17_aarch64.whl", hash = "sha256:035d90bc79eaa4bed83f524331d55e35820725c9fbb00ffa1904d5550ed7ede3"},
    {file = "grpcio-1.76.0-cp310-cp310-manylinux2014_i686.manylinux_2_17_i686.whl", hash = "sha256:4215d3a102bd95e2e11b5395c78562967959824156af11fa93d18fdd18050990"},
    {file = "grpcio-1.76.0-cp310-cp310-manylinux2014_x86_64.manylinux_2_17_x86_64.whl", hash = "sha256:49ce47231818806067aea3324d4bf13825b658ad662d3b25fada0bdad9b8a6af"},
    {file = "grpcio-1.76.0-cp310-cp310-musllinux_1_2_aarch64.whl", hash = "sha256:8cc3309d8e08fd79089e13ed4819d0af72aa935dd8f435a195fd152796752ff2"},
    {file = "grpcio-1.76.0-cp310-cp310-musllinux_1_2_i686.whl", hash = "sha256:971fd5a1d6e62e00d945423a567e42eb1fa678ba89072832185ca836a94daaa6"},
    {file = "grpcio-1.76.0-cp310-cp310-musllinux_1_2_x86_64.whl", hash = "sha256:9d9adda641db7207e800a7f089068f6f645959f2df27e870ee81d44701dd9db3"},
    {file = "grpcio-1.76.0-cp310-cp310-win32.whl", hash = "sha256:063065249d9e7e0782d03d2bca50787f53bd0fb89a67de9a7b521c4a01f1989b"},
    {file = "grpcio-1.76.0-cp310-cp310-win_amd64.whl", hash = "sha256:a6ae758eb08088d36812dd5d9af7a9859c05b1e0f714470ea243694b49278e7b"},
    {file = "grpcio-1.76.0-cp311-cp311-linux_armv7l.whl", hash = "sha256:2e1743fbd7f5fa713a1b0a8ac8ebabf0ec980b5d8809ec358d488e273b9cf02a"},
    {file = "grpcio-1.76.0-cp311-cp311-macosx_11_0_universal2.whl", hash = "sha256:a8c2cf1209497cf659a667d7dea88985e834c24b7c3b605e6254cbb5076d985c"},
    {file = "grpcio-1.76.0-cp311-cp311-manylinux2014_aarch64.manylinux_2_17_aarch64.whl", hash = "sha256:08caea849a9d3c71a542827d6df9d5a69067b0a1efbea8a855633ff5d9571465"},
    {file = "grpcio-1.76.0-cp311-cp311-manylinux2014_i686.manylinux_2_17_i686.whl", hash = "sha256:f0e34c2079d47ae9f6188211db9e777c619a21d4faba6977774e8fa43b085e48"},
    {file = "grpcio-1.76.0-cp311-cp311-manylinux2014_x86_64.manylinux_2_17_x86_64.whl", hash = "sha256:8843114c0cfce61b40ad48df65abcfc00d4dba82eae8718fab5352390848c5da"},
    {file = "grpcio-1.76.0-cp311-cp311-musllinux_1_2_aarch64.whl", hash = "sha256:8eddfb4d203a237da6f3cc8a540dad0517d274b5a1e9e636fd8d2c79b5c1d397"},
    {file = "grpcio-1.76.0-cp311-cp311-musllinux_1_2_i686.whl", hash = "sha256:32483fe2aab2c3794101c2a159070584e5db11d0aa091b2c0ea9c4fc43d0d749"},
    {file = "grpcio-1.76.0-cp311-cp311-musllinux_1_2_x86_64.whl", hash = "sha256:dcfe41187da8992c5f40aa8c5ec086fa3672834d2be57a32384c08d5a05b4c00"},
    {file = "grpcio-1.76.0-cp311-cp311-win32.whl", hash = "sha256:2107b0c024d1b35f4083f11245c0e23846ae64d02f40b2b226684840260ed054"},
    {file = "grpcio-1.76.0-cp311-cp311-win_amd64.whl", hash = "sha256:522175aba7af9113c48ec10cc471b9b9bd4f6ceb36aeb4544a8e2c80ed9d252d"},
    {file = "grpcio-1.76.0-cp312-cp312-linux_armv7l.whl", hash = "sha256:81fd9652b37b36f16138611c7e884eb82e0cec137c40d3ef7c3f9b3ed00f6ed8"},
    {file = "grpcio-1.76.0-cp312-cp312-macosx_11_0_universal2.whl", hash = "sha256:04bbe1bfe3a68bbfd4e52402ab7d4eb59d72d02647ae2042204326cf4bbad280"},
    {file = "grpcio-1.76.0-cp312-cp312-manylinux2014_aarch64.manylinux_2_17_aarch64.whl", hash = "sha256:d388087771c837cdb6515539f43b9d4bf0b0f23593a24054ac16f7a960be16f4"},
    {file = "grpcio-1.76.0-cp312-cp312-manylinux2014_i686.manylinux_2_17_i686.whl", hash = "sha256:9f8f757bebaaea112c00dba718fc0d3260052ce714e25804a03f93f5d1c6cc11"},
    {file = "grpcio-1.76.0-cp312-cp312-manylinux2014_x86_64.manylinux_2_17_x86_64.whl", hash = "sha256:980a846182ce88c4f2f7e2c22c56aefd515daeb36149d1c897f83cf57999e0b6"},
    {file = "grpcio-1.76.0-cp312-cp312-musllinux_1_2_aarch64.whl", hash = "sha256:f92f88e6c033db65a5ae3d97905c8fea9c725b63e28d5a75cb73b49bda5024d8"},
    {file = "grpcio-1.76.0-cp312-cp312-musllinux_1_2_i686.whl", hash = "sha256:4baf3cbe2f0be3289eb68ac8ae771156971848bb8aaff60bad42005539431980"},
    {file = "grpcio-1.76.0-cp312-cp312-musllinux_1_2_x86_64.whl", hash = "sha256:615ba64c208aaceb5ec83bfdce7728b80bfeb8be97562944836a7a0a9647d882"},
    {file = "grpcio-1.76.0-cp312-cp312-win32.whl", hash = "sha256:45d59a649a82df5718fd9527ce775fd66d1af35e6d31abdcdc906a49c6822958"},
    {file = "grpcio-1.76.0-cp312-cp312-win_amd64.whl", hash = "sha256:c088e7a90b6017307f423efbb9d1ba97a22aa2170876223f9709e9d1de0b5347"},
    {file = "grpcio-1.76.0-cp313-cp313-linux_armv7l.whl", hash = "sha256:26ef06c73eb53267c2b319f43e6634c7556ea37672029241a056629af27c10e2"},
    {file = "grpcio-1.76.0-cp313-cp313-macosx_11_0_universal2.whl", hash = "sha256:45e0111e73f43f735d70786557dc38141185072d7ff8dc1829d6a77ac1471468"},
    {file = "grpcio-1.76.0-cp313-cp313-manylinux2014_aarch64.manylinux_2_17_aarch64.whl", hash = "sha256:83d57312a58dcfe2a3a0f9d1389b299438909a02db60e2f2ea2ae2d8034909d3"},
    {file = "grpcio-1.76.0-cp313-cp313-manylinux2014_i686.manylinux_2_17_i686.whl", hash = "sha256:3e2a27c89eb9ac3d81ec8835e12414d73536c6e620355d65102503064a4ed6eb"},
    {file = "grpcio-1.76.0-cp313-cp313-manylinux2014_x86_64.manylinux_2_17_x86_64.whl", hash = "sha256:61f69297cba3950a524f61c7c8ee12e55c486cb5f7db47ff9dcee33da6f0d3ae"},
    {file = "grpcio-1.76.0-cp313-cp313-musllinux_1_2_aarch64.whl", hash = "sha256:6a15c17af8839b6801d554263c546c69c4d7718ad4321e3166175b37eaacca77"},
    {file = "grpcio-1.76.0-cp313-cp313-musllinux_1_2_i686.whl", hash = "sha256:25a18e9810fbc7e7f03ec2516addc116a957f8cbb8cbc95ccc80faa072743d03"},
    {file = "grpcio-1.76.0-cp313-cp313-musllinux_1_2_x86_64.whl", hash = "sha256:931091142fd8cc14edccc0845a79248bc155425eee9a98b2db2ea4f00a235a42"},
    {file = "grpcio-1.76.0-cp313-cp313-win32.whl", hash = "sha256:5e8571632780e08526f118f74170ad8d50fb0a48c23a746bef2a6ebade3abd6f"},
    {file = "grpcio-1.76.0-cp313-cp313-win_amd64.whl", hash = "sha256:f9f7bd5faab55f47231ad8dba7787866b69f5e93bc306e3915606779bbfb4ba8"},
    {file = "grpcio-1.76.0-cp314-cp314-linux_armv7l.whl", hash = "sha256:ff8a59ea85a1f2191a0ffcc61298c571bc566332f82e5f5be1b83c9d8e668a62"},
    {file = "grpcio-1.76.0-cp314-cp314-macosx_11_0_universal2.whl", hash = "sha256:06c3d6b076e7b593905d04fdba6a0525711b3466f43b3400266f04ff735de0cd"},
    {file = "grpcio-1.76.0-cp314-cp314-manylinux2014_aarch64.manylinux_2_17_aarch64.whl", hash = "sha256:fd5ef5932f6475c436c4a55e4336ebbe47bd3272be04964a03d316bbf4afbcbc"},
    {file = "grpcio-1.76.0-cp314-cp314-manylinux2014_i686.manylinux_2_17_i686.whl", hash = "sha256:b331680e46239e090f5b3cead313cc772f6caa7d0fc8de349337563125361a4a"},
    {file = "grpcio-1.76.0-cp314-cp314-manylinux2014_x86_64.manylinux_2_17_x86_64.whl", hash = "sha256:2229ae655ec4e8999599469559e97630185fdd53ae1e8997d147b7c9b2b72cba"},
    {file = "grpcio-1.76.0-cp314-cp314-musllinux_1_2_aarch64.whl", hash = "sha256:490fa6d203992c47c7b9e4a9d39003a0c2bcc1c9aa3c058730884bbbb0ee9f09"},
    {file = "grpcio-1.76.0-cp314-cp314-musllinux_1_2_i686.whl", hash = "sha256:479496325ce554792dba6548fae3df31a72cef7bad71ca2e12b0e58f9b336bfc"},
    {file = "grpcio-1.76.0-cp314-cp314-musllinux_1_2_x86_64.whl", hash = "sha256:1c9b93f79f48b03ada57ea24725d83a30284a012ec27eab2cf7e50a550cbbbcc"},
    {file = "grpcio-1.76.0-cp314-cp314-win32.whl", hash = "sha256:747fa73efa9b8b1488a95d0ba1039c8e2dca0f741612d80415b1e1c560febf4e"},
    {file = "grpcio-1.76.0-cp314-cp314-win_amd64.whl", hash = "sha256:922fa70ba549fce362d2e2871ab542082d66e2aaf0c19480ea453905b01f384e"},
    {file = "grpcio-1.76.0-cp39-cp39-linux_armv7l.whl", hash = "sha256:8ebe63ee5f8fa4296b1b8cfc743f870d10e902ca18afc65c68cf46fd39bb0783"},
    {file = "grpcio-1.76.0-cp39-cp39-macosx_11_0_universal2.whl", hash = "sha256:3bf0f392c0b806905ed174dcd8bdd5e418a40d5567a05615a030a5aeddea692d"},
    {file = "grpcio-1.76.0-cp39-cp39-manylinux2014_aarch64.manylinux_2_17_aarch64.whl", hash = "sha256:0b7604868b38c1bfd5cf72d768aedd7db41d78cb6a4a18585e33fb0f9f2363fd"},
    {file = "grpcio-1.76.0-cp39-cp39-manylinux2014_i686.manylinux_2_17_i686.whl", hash = "sha256:e6d1db20594d9daba22f90da738b1a0441a7427552cc6e2e3d1297aeddc00378"},
    {file = "grpcio-1.76.0-cp39-cp39-manylinux2014_x86_64.manylinux_2_17_x86_64.whl", hash = "sha256:d099566accf23d21037f18a2a63d323075bebace807742e4b0ac210971d4dd70"},
    {file = "grpcio-1.76.0-cp39-cp39-musllinux_1_2_aarch64.whl", hash = "sha256:ebea5cc3aa8ea72e04df9913492f9a96d9348db876f9dda3ad729cfedf7ac416"},
    {file = "grpcio-1.76.0-cp39-cp39-musllinux_1_2_i686.whl", hash = "sha256:0c37db8606c258e2ee0c56b78c62fc9dee0e901b5dbdcf816c2dd4ad652b8b0c"},
    {file = "grpcio-1.76.0-cp39-cp39-musllinux_1_2_x86_64.whl", hash = "sha256:ebebf83299b0cb1721a8859ea98f3a77811e35dce7609c5c963b9ad90728f886"},
    {file = "grpcio-1.76.0-cp39-cp39-win32.whl", hash = "sha256:0aaa82d0813fd4c8e589fac9b65d7dd88702555f702fb10417f96e2a2a6d4c0f"},
    {file = "grpcio-1.76.0-cp39-cp39-win_amd64.whl", hash = "sha256:acab0277c40eff7143c2323190ea57b9ee5fd353d8190ee9652369fae735668a"},
    {file = "grpcio-1.76.0.tar.gz", hash = "sha256:7be78388d6da1a25c0d5ec506523db58b18be22d9c37d8d3a32c08be4987bd73"},
]

[package.dependencies]
typing-extensions = ">=4.12,<5.0"

[package.extras]
protobuf = ["grpcio-tools (>=1.76.0)"]

[[package]]
name = "parver"
version = "0.5"
description = "Parse and manipulate version numbers."
optional = false
python-versions = ">=3.8"
groups = ["main"]
files = [
    {file = "parver-0.5-py3-none-any.whl", hash = "sha256:2281b187276c8e8e3c15634f62287b2fb6fe0efe3010f739a6bd1e45fa2bf2b2"},
    {file = "parver-0.5.tar.gz", hash = "sha256:b9fde1e6bb9ce9f07e08e9c4bea8d8825c5e78e18a0052d02e02bf9517eb4777"},
]

[package.dependencies]
arpeggio = ">=1.7"
attrs = ">=19.2"
typing-extensions = {version = "*", markers = "python_version < \"3.10\""}

[package.extras]
docs = ["furo", "sphinx"]
docstest = ["doc8"]
pep8test = ["flake8", "pep8-naming"]
test = ["hypothesis", "pretend", "pytest"]

[[package]]
name = "pip"
version = "25.2"
description = "The PyPA recommended tool for installing Python packages."
optional = false
python-versions = ">=3.9"
groups = ["main"]
files = [
    {file = "pip-25.2-py3-none-any.whl", hash = "sha256:6d67a2b4e7f14d8b31b8b52648866fa717f45a1eb70e83002f4331d07e953717"},
    {file = "pip-25.2.tar.gz", hash = "sha256:578283f006390f85bb6282dffb876454593d637f5d1be494b5202ce4877e71f2"},
]

[[package]]
name = "protobuf"
version = "5.29.5"
description = ""
optional = false
python-versions = ">=3.8"
groups = ["main"]
files = [
    {file = "protobuf-5.29.5-cp310-abi3-win32.whl", hash = "sha256:3f1c6468a2cfd102ff4703976138844f78ebd1fb45f49011afc5139e9e283079"},
    {file = "protobuf-5.29.5-cp310-abi3-win_amd64.whl", hash = "sha256:3f76e3a3675b4a4d867b52e4a5f5b78a2ef9565549d4037e06cf7b0942b1d3fc"},
    {file = "protobuf-5.29.5-cp38-abi3-macosx_10_9_universal2.whl", hash = "sha256:e38c5add5a311f2a6eb0340716ef9b039c1dfa428b28f25a7838ac329204a671"},
    {file = "protobuf-5.29.5-cp38-abi3-manylinux2014_aarch64.whl", hash = "sha256:fa18533a299d7ab6c55a238bf8629311439995f2e7eca5caaff08663606e9015"},
    {file = "protobuf-5.29.5-cp38-abi3-manylinux2014_x86_64.whl", hash = "sha256:63848923da3325e1bf7e9003d680ce6e14b07e55d0473253a690c3a8b8fd6e61"},
    {file = "protobuf-5.29.5-cp38-cp38-win32.whl", hash = "sha256:ef91363ad4faba7b25d844ef1ada59ff1604184c0bcd8b39b8a6bef15e1af238"},
    {file = "protobuf-5.29.5-cp38-cp38-win_amd64.whl", hash = "sha256:7318608d56b6402d2ea7704ff1e1e4597bee46d760e7e4dd42a3d45e24b87f2e"},
    {file = "protobuf-5.29.5-cp39-cp39-win32.whl", hash = "sha256:6f642dc9a61782fa72b90878af134c5afe1917c89a568cd3476d758d3c3a0736"},
    {file = "protobuf-5.29.5-cp39-cp39-win_amd64.whl", hash = "sha256:470f3af547ef17847a28e1f47200a1cbf0ba3ff57b7de50d22776607cd2ea353"},
    {file = "protobuf-5.29.5-py3-none-any.whl", hash = "sha256:6cf42630262c59b2d8de33954443d94b746c952b01434fc58a417fdbd2e84bd5"},
    {file = "protobuf-5.29.5.tar.gz", hash = "sha256:bc1463bafd4b0929216c35f437a8e28731a2b7fe3d98bb77a600efced5a15c84"},
]

[[package]]
name = "pulumi"
version = "3.197.0"
description = "Pulumi's Python SDK"
optional = false
python-versions = ">=3.9"
groups = ["main"]
files = [
    {file = "pulumi-3.197.0-py3-none-any.whl", hash = "sha256:aec244bfb0aba75698460d22bb5c1a2808ea01c6b7e80bbbc75b2bae9a51c9a9"},
]

[package.dependencies]
debugpy = ">=1.8.7,<1.9.0"
dill = ">=0.3,<1.0"
grpcio = ">=1.71,<2.0"
pip = ">=24.3.1,<26"
protobuf = ">=5.29.5,<5.30.0"
pyyaml = ">=6.0,<7.0"
semver = ">=3.0,<4.0"

[[package]]
name = "pulumi-aws"
version = "7.7.0"
description = "A Pulumi package for creating and managing Amazon Web Services (AWS) cloud resources."
optional = false
python-versions = ">=3.9"
groups = ["main"]
files = [
    {file = "pulumi_aws-7.7.0-py3-none-any.whl", hash = "sha256:263cda10c6fff330f420d692989c9b4fec3d4c361fb2782530188ab6363a20a0"},
    {file = "pulumi_aws-7.7.0.tar.gz", hash = "sha256:a744b5afe86e6c1df4760c97052b36c8fef1404ca0d80fe840175a19040166f8"},
]

[package.dependencies]
parver = ">=0.2.1"
pulumi = ">=3.165.0,<4.0.0"
semver = ">=2.8.1"
typing-extensions = {version = ">=4.11,<5", markers = "python_version < \"3.11\""}

[[package]]
name = "pulumi-awsx"
version = "3.0.0"
description = "Pulumi Amazon Web Services (AWS) AWSX Components."
optional = false
python-versions = ">=3.9"
groups = ["main"]
files = [
    {file = "pulumi_awsx-3.0.0-py3-none-any.whl", hash = "sha256:2cc8838cced593e29b2518f53b2cae5717dea7071298be2606be17cf87c16cdc"},
    {file = "pulumi_awsx-3.0.0.tar.gz", hash = "sha256:23a13fd85a21ffe454f3061cab7cb1fddde122900cccee4b6d4e62a119bc1008"},
]

[package.dependencies]
parver = ">=0.2.1"
pulumi = ">=3.142.0,<4.0.0"
pulumi-aws = ">=7.0.0,<8.0.0"
pulumi-docker = ">=4.6.0,<5.0.0"
pulumi-docker-build = ">=0.0.8,<1.0.0"
semver = ">=2.8.1"
typing-extensions = {version = ">=4.11,<5", markers = "python_version < \"3.11\""}

[[package]]
name = "pulumi-docker"
version = "4.8.2"
description = "A Pulumi package for interacting with Docker in Pulumi programs"
optional = false
python-versions = ">=3.9"
groups = ["main"]
files = [
    {file = "pulumi_docker-4.8.2-py3-none-any.whl", hash = "sha256:d097082810f5a0fa6b3cbe4f65acf365b0eaeeed2278657725f31e47622ab826"},
    {file = "pulumi_docker-4.8.2.tar.gz", hash = "sha256:49f69343e1b22e2580a5b427999be156f5b72cdbd81e6d9c252f36d0ce270592"},
]

[package.dependencies]
parver = ">=0.2.1"
pulumi = ">=3.165.0,<4.0.0"
semver = ">=2.8.1"
typing-extensions = {version = ">=4.11,<5", markers = "python_version < \"3.11\""}

[[package]]
name = "pulumi-docker-build"
version = "0.0.13"
description = "A Pulumi provider for building modern Docker images with buildx and BuildKit."
optional = false
python-versions = ">=3.9"
groups = ["main"]
files = [
    {file = "pulumi_docker_build-0.0.13-py3-none-any.whl", hash = "sha256:29ddb934d73149ce4f0eae2ce54aaef01ef025a8c5604922e72b51bbec9c23be"},
    {file = "pulumi_docker_build-0.0.13.tar.gz", hash = "sha256:98bca7603fd2f4cdf5f59d3f7208f38ed77c291d8ba282b29a6106677f8770da"},
]

[package.dependencies]
parver = ">=0.2.1"
pulumi = ">=3.165.0,<4.0.0"
semver = ">=2.8.1"
typing-extensions = {version = ">=4.11,<5", markers = "python_version < \"3.11\""}

[[package]]
name = "pulumi-random"
version = "4.18.3"
description = "A Pulumi package to safely use randomness in Pulumi programs."
optional = false
python-versions = ">=3.9"
groups = ["main"]
files = [
    {file = "pulumi_random-4.18.3-py3-none-any.whl", hash = "sha256:c980a7d32b3b8f814545aa52ff49cae2640f9b4c47b10bf7ad748a17a0b85e58"},
    {file = "pulumi_random-4.18.3.tar.gz", hash = "sha256:99e121d79aec547287ed36769a36ae76f4cb0b47ad027d289018abbde3507579"},
]

[package.dependencies]
parver = ">=0.2.1"
pulumi = ">=3.165.0,<4.0.0"
semver = ">=2.8.1"
typing-extensions = {version = ">=4.11,<5", markers = "python_version < \"3.11\""}

[[package]]
name = "pyyaml"
version = "6.0.2"
description = "YAML parser and emitter for Python"
optional = false
python-versions = ">=3.8"
groups = ["main"]
files = [
    {file = "PyYAML-6.0.2-cp310-cp310-macosx_10_9_x86_64.whl", hash = "sha256:0a9a2848a5b7feac301353437eb7d5957887edbf81d56e903999a75a3d743086"},
    {file = "PyYAML-6.0.2-cp310-cp310-macosx_11_0_arm64.whl", hash = "sha256:29717114e51c84ddfba879543fb232a6ed60086602313ca38cce623c1d62cfbf"},
    {file = "PyYAML-6.0.2-cp310-cp310-manylinux_2_17_aarch64.manylinux2014_aarch64.whl", hash = "sha256:8824b5a04a04a047e72eea5cec3bc266db09e35de6bdfe34c9436ac5ee27d237"},
    {file = "PyYAML-6.0.2-cp310-cp310-manylinux_2_17_s390x.manylinux2014_s390x.whl", hash = "sha256:7c36280e6fb8385e520936c3cb3b8042851904eba0e58d277dca80a5cfed590b"},
    {file = "PyYAML-6.0.2-cp310-cp310-manylinux_2_17_x86_64.manylinux2014_x86_64.whl", hash = "sha256:ec031d5d2feb36d1d1a24380e4db6d43695f3748343d99434e6f5f9156aaa2ed"},
    {file = "PyYAML-6.0.2-cp310-cp310-musllinux_1_1_aarch64.whl", hash = "sha256:936d68689298c36b53b29f23c6dbb74de12b4ac12ca6cfe0e047bedceea56180"},
    {file = "PyYAML-6.0.2-cp310-cp310-musllinux_1_1_x86_64.whl", hash = "sha256:23502f431948090f597378482b4812b0caae32c22213aecf3b55325e049a6c68"},
    {file = "PyYAML-6.0.2-cp310-cp310-win32.whl", hash = "sha256:2e99c6826ffa974fe6e27cdb5ed0021786b03fc98e5ee3c5bfe1fd5015f42b99"},
    {file = "PyYAML-6.0.2-cp310-cp310-win_amd64.whl", hash = "sha256:a4d3091415f010369ae4ed1fc6b79def9416358877534caf6a0fdd2146c87a3e"},
    {file = "PyYAML-6.0.2-cp311-cp311-macosx_10_9_x86_64.whl", hash = "sha256:cc1c1159b3d456576af7a3e4d1ba7e6924cb39de8f67111c735f6fc832082774"},
    {file = "PyYAML-6.0.2-cp311-cp311-macosx_11_0_arm64.whl", hash = "sha256:1e2120ef853f59c7419231f3bf4e7021f1b936f6ebd222406c3b60212205d2ee"},
    {file = "PyYAML-6.0.2-cp311-cp311-manylinux_2_17_aarch64.manylinux2014_aarch64.whl", hash = "sha256:5d225db5a45f21e78dd9358e58a98702a0302f2659a3c6cd320564b75b86f47c"},
    {file = "PyYAML-6.0.2-cp311-cp311-manylinux_2_17_s390x.manylinux2014_s390x.whl", hash = "sha256:5ac9328ec4831237bec75defaf839f7d4564be1e6b25ac710bd1a96321cc8317"},
    {file = "PyYAML-6.0.2-cp311-cp311-manylinux_2_17_x86_64.manylinux2014_x86_64.whl", hash = "sha256:3ad2a3decf9aaba3d29c8f537ac4b243e36bef957511b4766cb0057d32b0be85"},
    {file = "PyYAML-6.0.2-cp311-cp311-musllinux_1_1_aarch64.whl", hash = "sha256:ff3824dc5261f50c9b0dfb3be22b4567a6f938ccce4587b38952d85fd9e9afe4"},
    {file = "PyYAML-6.0.2-cp311-cp311-musllinux_1_1_x86_64.whl", hash = "sha256:797b4f722ffa07cc8d62053e4cff1486fa6dc094105d13fea7b1de7d8bf71c9e"},
    {file = "PyYAML-6.0.2-cp311-cp311-win32.whl", hash = "sha256:11d8f3dd2b9c1207dcaf2ee0bbbfd5991f571186ec9cc78427ba5bd32afae4b5"},
    {file = "PyYAML-6.0.2-cp311-cp311-win_amd64.whl", hash = "sha256:e10ce637b18caea04431ce14fabcf5c64a1c61ec9c56b071a4b7ca131ca52d44"},
    {file = "PyYAML-6.0.2-cp312-cp312-macosx_10_9_x86_64.whl", hash = "sha256:c70c95198c015b85feafc136515252a261a84561b7b1d51e3384e0655ddf25ab"},
    {file = "PyYAML-6.0.2-cp312-cp312-macosx_11_0_arm64.whl", hash = "sha256:ce826d6ef20b1bc864f0a68340c8b3287705cae2f8b4b1d932177dcc76721725"},
    {file = "PyYAML-6.0.2-cp312-cp312-manylinux_2_17_aarch64.manylinux2014_aarch64.whl", hash = "sha256:1f71ea527786de97d1a0cc0eacd1defc0985dcf6b3f17bb77dcfc8c34bec4dc5"},
    {file = "PyYAML-6.0.2-cp312-cp312-manylinux_2_17_s390x.manylinux2014_s390x.whl", hash = "sha256:9b22676e8097e9e22e36d6b7bda33190d0d400f345f23d4065d48f4ca7ae0425"},
    {file = "PyYAML-6.0.2-cp312-cp312-manylinux_2_17_x86_64.manylinux2014_x86_64.whl", hash = "sha256:80bab7bfc629882493af4aa31a4cfa43a4c57c83813253626916b8c7ada83476"},
    {file = "PyYAML-6.0.2-cp312-cp312-musllinux_1_1_aarch64.whl", hash = "sha256:0833f8694549e586547b576dcfaba4a6b55b9e96098b36cdc7ebefe667dfed48"},
    {file = "PyYAML-6.0.2-cp312-cp312-musllinux_1_1_x86_64.whl", hash = "sha256:8b9c7197f7cb2738065c481a0461e50ad02f18c78cd75775628afb4d7137fb3b"},
    {file = "PyYAML-6.0.2-cp312-cp312-win32.whl", hash = "sha256:ef6107725bd54b262d6dedcc2af448a266975032bc85ef0172c5f059da6325b4"},
    {file = "PyYAML-6.0.2-cp312-cp312-win_amd64.whl", hash = "sha256:7e7401d0de89a9a855c839bc697c079a4af81cf878373abd7dc625847d25cbd8"},
    {file = "PyYAML-6.0.2-cp313-cp313-macosx_10_13_x86_64.whl", hash = "sha256:efdca5630322a10774e8e98e1af481aad470dd62c3170801852d752aa7a783ba"},
    {file = "PyYAML-6.0.2-cp313-cp313-macosx_11_0_arm64.whl", hash = "sha256:50187695423ffe49e2deacb8cd10510bc361faac997de9efef88badc3bb9e2d1"},
    {file = "PyYAML-6.0.2-cp313-cp313-manylinux_2_17_aarch64.manylinux2014_aarch64.whl", hash = "sha256:0ffe8360bab4910ef1b9e87fb812d8bc0a308b0d0eef8c8f44e0254ab3b07133"},
    {file = "PyYAML-6.0.2-cp313-cp313-manylinux_2_17_s390x.manylinux2014_s390x.whl", hash = "sha256:17e311b6c678207928d649faa7cb0d7b4c26a0ba73d41e99c4fff6b6c3276484"},
    {file = "PyYAML-6.0.2-cp313-cp313-manylinux_2_17_x86_64.manylinux2014_x86_64.whl", hash = "sha256:70b189594dbe54f75ab3a1acec5f1e3faa7e8cf2f1e08d9b561cb41b845f69d5"},
    {file = "PyYAML-6.0.2-cp313-cp313-musllinux_1_1_aarch64.whl", hash = "sha256:41e4e3953a79407c794916fa277a82531dd93aad34e29c2a514c2c0c5fe971cc"},
    {file = "PyYAML-6.0.2-cp313-cp313-musllinux_1_1_x86_64.whl", hash = "sha256:68ccc6023a3400877818152ad9a1033e3db8625d899c72eacb5a668902e4d652"},
    {file = "PyYAML-6.0.2-cp313-cp313-win32.whl", hash = "sha256:bc2fa7c6b47d6bc618dd7fb02ef6fdedb1090ec036abab80d4681424b84c1183"},
    {file = "PyYAML-6.0.2-cp313-cp313-win_amd64.whl", hash = "sha256:8388ee1976c416731879ac16da0aff3f63b286ffdd57cdeb95f3f2e085687563"},
    {file = "PyYAML-6.0.2-cp38-cp38-macosx_10_9_x86_64.whl", hash = "sha256:24471b829b3bf607e04e88d79542a9d48bb037c2267d7927a874e6c205ca7e9a"},
    {file = "PyYAML-6.0.2-cp38-cp38-manylinux_2_17_aarch64.manylinux2014_aarch64.whl", hash = "sha256:d7fded462629cfa4b685c5416b949ebad6cec74af5e2d42905d41e257e0869f5"},
    {file = "PyYAML-6.0.2-cp38-cp38-manylinux_2_17_s390x.manylinux2014_s390x.whl", hash = "sha256:d84a1718ee396f54f3a086ea0a66d8e552b2ab2017ef8b420e92edbc841c352d"},
    {file = "PyYAML-6.0.2-cp38-cp38-manylinux_2_17_x86_64.manylinux2014_x86_64.whl", hash = "sha256:9056c1ecd25795207ad294bcf39f2db3d845767be0ea6e6a34d856f006006083"},
    {file = "PyYAML-6.0.2-cp38-cp38-musllinux_1_1_x86_64.whl", hash = "sha256:82d09873e40955485746739bcb8b4586983670466c23382c19cffecbf1fd8706"},
    {file = "PyYAML-6.0.2-cp38-cp38-win32.whl", hash = "sha256:43fa96a3ca0d6b1812e01ced1044a003533c47f6ee8aca31724f78e93ccc089a"},
    {file = "PyYAML-6.0.2-cp38-cp38-win_amd64.whl", hash = "sha256:01179a4a8559ab5de078078f37e5c1a30d76bb88519906844fd7bdea1b7729ff"},
    {file = "PyYAML-6.0.2-cp39-cp39-macosx_10_9_x86_64.whl", hash = "sha256:688ba32a1cffef67fd2e9398a2efebaea461578b0923624778664cc1c914db5d"},
    {file = "PyYAML-6.0.2-cp39-cp39-macosx_11_0_arm64.whl", hash = "sha256:a8786accb172bd8afb8be14490a16625cbc387036876ab6ba70912730faf8e1f"},
    {file = "PyYAML-6.0.2-cp39-cp39-manylinux_2_17_aarch64.manylinux2014_aarch64.whl", hash = "sha256:d8e03406cac8513435335dbab54c0d385e4a49e4945d2909a581c83647ca0290"},
    {file = "PyYAML-6.0.2-cp39-cp39-manylinux_2_17_s390x.manylinux2014_s390x.whl", hash = "sha256:f753120cb8181e736c57ef7636e83f31b9c0d1722c516f7e86cf15b7aa57ff12"},
    {file = "PyYAML-6.0.2-cp39-cp39-manylinux_2_17_x86_64.manylinux2014_x86_64.whl", hash = "sha256:3b1fdb9dc17f5a7677423d508ab4f243a726dea51fa5e70992e59a7411c89d19"},
    {file = "PyYAML-6.0.2-cp39-cp39-musllinux_1_1_aarch64.whl", hash = "sha256:0b69e4ce7a131fe56b7e4d770c67429700908fc0752af059838b1cfb41960e4e"},
    {file = "PyYAML-6.0.2-cp39-cp39-musllinux_1_1_x86_64.whl", hash = "sha256:a9f8c2e67970f13b16084e04f134610fd1d374bf477b17ec1599185cf611d725"},
    {file = "PyYAML-6.0.2-cp39-cp39-win32.whl", hash = "sha256:6395c297d42274772abc367baaa79683958044e5d3835486c16da75d2a694631"},
    {file = "PyYAML-6.0.2-cp39-cp39-win_amd64.whl", hash = "sha256:39693e1f8320ae4f43943590b49779ffb98acb81f788220ea932a6b6c51004d8"},
    {file = "pyyaml-6.0.2.tar.gz", hash = "sha256:d584d9ec91ad65861cc08d42e834324ef890a082e591037abe114850ff7bbc3e"},
]

[[package]]
name = "semver"
version = "3.0.4"
description = "Python helper for Semantic Versioning (https://semver.org)"
optional = false
python-versions = ">=3.7"
groups = ["main"]
files = [
    {file = "semver-3.0.4-py3-none-any.whl", hash = "sha256:9c824d87ba7f7ab4a1890799cec8596f15c1241cb473404ea1cb0c55e4b04746"},
    {file = "semver-3.0.4.tar.gz", hash = "sha256:afc7d8c584a5ed0a11033af086e8af226a9c0b206f313e0301f8dd7b6b589602"},
]

[[package]]
name = "typing-extensions"
version = "4.15.0"
description = "Backported and Experimental Type Hints for Python 3.9+"
optional = false
python-versions = ">=3.9"
groups = ["main"]
files = [
    {file = "typing_extensions-4.15.0-py3-none-any.whl", hash = "sha256:f0fa19c6845758ab08074a0cfa8b7aecb71c999ca73d62883bc25cc018c4e548"},
    {file = "typing_extensions-4.15.0.tar.gz", hash = "sha256:0cea48d173cc12fa28ecabc3b837ea3cf6f38c6d1136f85cbaaf598984861466"},
]

[metadata]
lock-version = "2.1"
python-versions = "^3.9"
content-hash = "0d097d9696537a1fdf2e2d24b4293ac330bfe978c1f551c43f92451ee51807a4"
